
Microsoft Visual Studio Solution File, Format Version 12.00
# Visual Studio Version 16
VisualStudioVersion = 16.0.28922.388
MinimumVisualStudioVersion = 10.0.40219.1
Project("{FAE04EC0-301F-11D3-BF4B-00C04F79EFBC}") = "SIS.HTTP", "SIS.HTTP\SIS.HTTP.csproj", "{B0128832-AD7E-453F-8CFE-BDF6C80968AF}"
EndProject
Project("{FAE04EC0-301F-11D3-BF4B-00C04F79EFBC}") = "SIS.WebServer", "SIS.WebServer\SIS.WebServer.csproj", "{A7EF933C-ABC5-40AF-B338-BAD09694402D}"
EndProject
Global
	GlobalSection(SolutionConfigurationPlatforms) = preSolution
		Debug|Any CPU = Debug|Any CPU
		Release|Any CPU = Release|Any CPU
	EndGlobalSection
	GlobalSection(ProjectConfigurationPlatforms) = postSolution
		{B0128832-AD7E-453F-8CFE-BDF6C80968AF}.Debug|Any CPU.ActiveCfg = Debug|Any CPU
		{B0128832-AD7E-453F-8CFE-BDF6C80968AF}.Debug|Any CPU.Build.0 = Debug|Any CPU
		{B0128832-AD7E-453F-8CFE-BDF6C80968AF}.Release|Any CPU.ActiveCfg = Release|Any CPU
		{B0128832-AD7E-453F-8CFE-BDF6C80968AF}.Release|Any CPU.Build.0 = Release|Any CPU
		{A7EF933C-ABC5-40AF-B338-BAD09694402D}.Debug|Any CPU.ActiveCfg = Debug|Any CPU
		{A7EF933C-ABC5-40AF-B338-BAD09694402D}.Debug|Any CPU.Build.0 = Debug|Any CPU
		{A7EF933C-ABC5-40AF-B338-BAD09694402D}.Release|Any CPU.ActiveCfg = Release|Any CPU
		{A7EF933C-ABC5-40AF-B338-BAD09694402D}.Release|Any CPU.Build.0 = Release|Any CPU
	EndGlobalSection
	GlobalSection(SolutionProperties) = preSolution
		HideSolutionNode = FALSE
	EndGlobalSection
	GlobalSection(ExtensibilityGlobals) = postSolution
		SolutionGuid = {6F94A6CD-B880-4150-BCDA-0723DF9C4CB5}
	EndGlobalSection
EndGlobal
